github.com/gohugoio/hugo-mod-jslibs-dist/popperjs/v2 v2.21100.20000 h1:GZxx4Hc+yb0/t3/rau1j8XlAxLE4CyXns2fqQbyqWfs=
github.com/gohugoio/hugo-mod-jslibs-dist/popperjs/v2 v2.21100.20000/go.mod h1:mFberT6ZtcchrsDtfvJM7aAH2bDKLdOnruUHl0hlapI=
github.com/hugolify/hugolify-netlify-cms v1.5.1 h1:UI4M42xIKaeLZ5s80D7W5G5eOXbC28hiOw7F43LudLc=
github.com/hugolify/hugolify-netlify-cms v1.5.1/go.mod h1:Q7HNXBxIatKmA+mlG+3HbWUYApZnftOwFz6kevyg/HU=
github.com/hugolify/hugolify-theme v1.7.18 h1:HvU/T5f8TMdivFkC0x1MRB/fXQlmyBiiV9nFebGXHvs=
github.com/hugolify/hugolify-theme v1.7.18/go.mod h1:yDbH6g0BJAqjueFrZ13u2lC9gWsYuKDFjQirn805zvo=
github.com/hugolify/hugolify-theme-persons v1.2.3 h1:FGMYCL38fHD8JutVCgLYprP4ygh93Z0HVTfWw416vB4=
github.com/hugolify/hugolify-theme-persons v1.2.3/go.mod h1:LjjY/5pEDk2r3URTU8xS7Sango4D4K9ExU0+OaJwOUA=
github.com/hugolify/hugolify-theme-persons-places v1.1.1 h1:Gz9qrRb90n+x2Nl9IzqqbYE348pV+PO0EyeH4p+Vj8I=
github.com/hugolify/hugolify-theme-persons-places v1.1.1/go.mod h1:TxpVc04ARzcb1+6iz+pUZ2tuq+gDSfaLWhDMuZDexX8=
github.com/hugolify/hugolify-theme-places v1.1.1 h1:N8uABF0YpbpjGMpQCyOxdj8Dg1UhxonTb1cl5P8KrIA=
github.com/hugolify/hugolify-theme-places v1.1.1/go.mod h1:fuG0GddSsGiKFhmtUalHZQY3c6wFIth1G3bA1WJ5q4k=
github.com/hugolify/hugolify-theme-realestates v1.0.8 h1:lpb0T/zqGl8zbG4Y2KdYFXh0H/4TrDsOBvJz6WrTKdI=
github.com/hugolify/hugolify-theme-realestates v1.0.8/go.mod h1:edeC6mDKRv9Qyit0xLf2qtKPN+dEj8obqqoqvzLuYTE=
github.com/hugolify/hugolify-theme-realestates-persons v1.0.4 h1:ocgSI0GRsZyCs3Cf/l+m/wzOmBLO2FKGnsMtWyUCiVw=
github.com/hugolify/hugolify-theme-realestates-persons v1.0.4/go.mod h1:6Dyew6U0pSm/PlobBbIujAlmQqoJZdZDTL6QOyp2jS8=
github.com/hugolify/hugolify-theme-realestates-types v1.0.1 h1:tWkFXvrkSzkFk5LTCpC+25Hskx1eHxY77CZeZvHB7zg=
github.com/hugolify/hugolify-theme-realestates-types v1.0.1/go.mod h1:hlcR0SYXtNppDs7m4Lv4BV+G2WB9jD99po8Khgl01Zg=
github.com/hugolify/realestatify-example-site v1.0.1 h1:AuArI2O2pV1TO60lhGq2/PvhgTS9psafMn8BdZp2qUs=
github.com/hugolify/realestatify-example-site v1.0.1/go.mod h1:TMqL9KjYak8Q5o+4o4yjmPnnyRGSIzCwFcQPYloIekE=
github.com/hugolify/realestatify-netlify-cms v1.0.1 h1:LvXmwj+GpPrB4MtglPkExeQ932fkZX17TBMsIefmyMQ=
github.com/hugolify/realestatify-netlify-cms v1.0.1/go.mod h1:8NAm0ztH1MQf9W2j+lrgDJI6k6ulEaCuVMMNHQDC47Q=
github.com/twbs/bootstrap v5.3.2+incompatible h1:tuiO5acc6xnZUR77Sbi5aKWXxjYxbmsSbJwYrhAKoQQ=
github.com/twbs/bootstrap v5.3.2+incompatible/go.mod h1:fZTSrkpSf0/HkL0IIJzvVspTt1r9zuf7XlZau8kpcY0=
