github.com/gohugoio/hugo-mod-jslibs-dist/popperjs/v2 v2.21100.20000 h1:GZxx4Hc+yb0/t3/rau1j8XlAxLE4CyXns2fqQbyqWfs=
github.com/gohugoio/hugo-mod-jslibs-dist/popperjs/v2 v2.21100.20000/go.mod h1:mFberT6ZtcchrsDtfvJM7aAH2bDKLdOnruUHl0hlapI=
github.com/hugolify/hugolify-theme-persons-places v1.1.2 h1:FnLuDhKnV3mnz6hLKsRa6/HUDmQy3okniIWAt8trMAw=
github.com/hugolify/hugolify-theme-persons-places v1.1.2/go.mod h1:TxpVc04ARzcb1+6iz+pUZ2tuq+gDSfaLWhDMuZDexX8=
github.com/hugolify/hugolify-theme-places v1.1.1 h1:N8uABF0YpbpjGMpQCyOxdj8Dg1UhxonTb1cl5P8KrIA=
github.com/hugolify/hugolify-theme-places v1.1.1/go.mod h1:fuG0GddSsGiKFhmtUalHZQY3c6wFIth1G3bA1WJ5q4k=
github.com/hugolify/hugolify-theme-realestates-types v1.0.1 h1:tWkFXvrkSzkFk5LTCpC+25Hskx1eHxY77CZeZvHB7zg=
github.com/hugolify/hugolify-theme-realestates-types v1.0.1/go.mod h1:hlcR0SYXtNppDs7m4Lv4BV+G2WB9jD99po8Khgl01Zg=
github.com/hugolify/realestatify-theme v1.0.0 h1:P7O8x8d7GfrfdaafnvNPhfB+uf35cDZ134JaX5o2fl0=
github.com/hugolify/realestatify-theme v1.0.0/go.mod h1:91H/KsREzQLPXPvognqjnm8Up9MH3RGNWdy8GlOqkJ4=
github.com/twbs/bootstrap v5.3.2+incompatible h1:tuiO5acc6xnZUR77Sbi5aKWXxjYxbmsSbJwYrhAKoQQ=
github.com/twbs/bootstrap v5.3.2+incompatible/go.mod h1:fZTSrkpSf0/HkL0IIJzvVspTt1r9zuf7XlZau8kpcY0=
