github.com/gohugoio/hugo-mod-jslibs-dist/popperjs/v2 v2.21100.20000 h1:GZxx4Hc+yb0/t3/rau1j8XlAxLE4CyXns2fqQbyqWfs=
github.com/gohugoio/hugo-mod-jslibs-dist/popperjs/v2 v2.21100.20000/go.mod h1:mFberT6ZtcchrsDtfvJM7aAH2bDKLdOnruUHl0hlapI=
github.com/hugolify/hugolify-netlify-cms v1.8.1 h1:jCk6USt2casQn5jmqh8ryaLiiROU4zGDKFWpu678blk=
github.com/hugolify/hugolify-netlify-cms v1.8.1/go.mod h1:Q7HNXBxIatKmA+mlG+3HbWUYApZnftOwFz6kevyg/HU=
github.com/hugolify/hugolify-theme v1.7.35 h1:4qYS2UJTqgmC7fv517IjrdpyM5kA0/O6xGWMqjJdGzE=
github.com/hugolify/hugolify-theme v1.7.35/go.mod h1:yDbH6g0BJAqjueFrZ13u2lC9gWsYuKDFjQirn805zvo=
github.com/hugolify/hugolify-theme-persons v1.3.4 h1:tjyMVf/7uCgNiCNXdZJ87Q+TlPtQTsL2+xPYTfvACng=
github.com/hugolify/hugolify-theme-persons v1.3.4/go.mod h1:LjjY/5pEDk2r3URTU8xS7Sango4D4K9ExU0+OaJwOUA=
github.com/hugolify/hugolify-theme-persons-places v1.1.2 h1:FnLuDhKnV3mnz6hLKsRa6/HUDmQy3okniIWAt8trMAw=
github.com/hugolify/hugolify-theme-persons-places v1.1.2/go.mod h1:TxpVc04ARzcb1+6iz+pUZ2tuq+gDSfaLWhDMuZDexX8=
github.com/hugolify/hugolify-theme-places v1.1.2 h1:IOUG+tNTtexxozHZ5qDrWlEIZacU6eiTOaB0qEsOAaY=
github.com/hugolify/hugolify-theme-places v1.1.2/go.mod h1:fuG0GddSsGiKFhmtUalHZQY3c6wFIth1G3bA1WJ5q4k=
github.com/hugolify/hugolify-theme-realestates v1.1.2 h1:Khmc+QzJISd8RbI0SP/770T6tOgv7Ejw10iSubS1UKg=
github.com/hugolify/hugolify-theme-realestates v1.1.2/go.mod h1:edeC6mDKRv9Qyit0xLf2qtKPN+dEj8obqqoqvzLuYTE=
github.com/hugolify/hugolify-theme-realestates-categories v1.1.0 h1:aIJWv/anD7Rt4hnkSUn716NOjviDQ2Gy4o9dwHhSuuI=
github.com/hugolify/hugolify-theme-realestates-categories v1.1.0/go.mod h1:nvmQGyVD8FZYqqCg/5sU8zOV1M+OVtrpxJk6ORjVsII=
github.com/hugolify/hugolify-theme-realestates-persons v1.0.5 h1:mIGe9DAATHr6+iibqBuy4B6OiuHWbvvzcZ611sD863Y=
github.com/hugolify/hugolify-theme-realestates-persons v1.0.5/go.mod h1:6Dyew6U0pSm/PlobBbIujAlmQqoJZdZDTL6QOyp2jS8=
github.com/hugolify/realestatify-example-site v1.1.0 h1:MQzx3cfph7WikNyZNDKHW+H1Mer6R/Jb3bQUgEjziz8=
github.com/hugolify/realestatify-example-site v1.1.0/go.mod h1:TMqL9KjYak8Q5o+4o4yjmPnnyRGSIzCwFcQPYloIekE=
github.com/hugolify/realestatify-netlify-cms v1.1.0 h1:vIgd53yPvrjZU8cR/SWFpBcIcE4KW5t7b7MAvlhrY44=
github.com/hugolify/realestatify-netlify-cms v1.1.0/go.mod h1:8NAm0ztH1MQf9W2j+lrgDJI6k6ulEaCuVMMNHQDC47Q=
github.com/hugolify/realestatify-theme v1.0.0 h1:P7O8x8d7GfrfdaafnvNPhfB+uf35cDZ134JaX5o2fl0=
github.com/hugolify/realestatify-theme v1.0.0/go.mod h1:91H/KsREzQLPXPvognqjnm8Up9MH3RGNWdy8GlOqkJ4=
github.com/twbs/bootstrap v5.3.2+incompatible h1:tuiO5acc6xnZUR77Sbi5aKWXxjYxbmsSbJwYrhAKoQQ=
github.com/twbs/bootstrap v5.3.2+incompatible/go.mod h1:fZTSrkpSf0/HkL0IIJzvVspTt1r9zuf7XlZau8kpcY0=
